
Microsoft Visual Studio Solution File, Format Version 12.00
# Visual Studio 15
VisualStudioVersion = 15.0.27130.2010
MinimumVisualStudioVersion = 10.0.40219.1
Project("{6EC3EE1D-3C4E-46DD-8F32-0CC8E7565705}") = "Expecto.VisualStudio.TestAdapter", "Expecto.VisualStudio.TestAdapter\Expecto.VisualStudio.TestAdapter.fsproj", "{1F583D48-8771-45B4-9793-60A69DB06C61}"
EndProject
Project("{6EC3EE1D-3C4E-46DD-8F32-0CC8E7565705}") = "Expecto.Vstest.Console", "Expecto.Vstest.Console\Expecto.Vstest.Console.fsproj", "{E0E2673B-41FD-4131-B7CE-50EF315DEA64}"
EndProject
Project("{2150E333-8FDC-42A3-9474-1A3956D46DE8}") = "Solution Items", "Solution Items", "{B2758865-8826-4288-8438-274CC5E6A611}"
	ProjectSection(SolutionItems) = preProject
		..\.gitattributes = ..\.gitattributes
		..\.gitignore = ..\.gitignore
		..\nuspec\Expecto.VisualStudio.TestAdapter.nuspec = ..\nuspec\Expecto.VisualStudio.TestAdapter.nuspec
		..\LICENSE = ..\LICENSE
		..\README.md = ..\README.md
	EndProjectSection
EndProject
Project("{2150E333-8FDC-42A3-9474-1A3956D46DE8}") = "scripts", "scripts", "{36CD8A01-4EEA-4428-A1D0-F4A2361471E9}"
	ProjectSection(SolutionItems) = preProject
		..\scripts\build.cmd = ..\scripts\build.cmd
		..\scripts\pack.cmd = ..\scripts\pack.cmd
		..\scripts\test.cmd = ..\scripts\test.cmd
	EndProjectSection
EndProject
Global
	GlobalSection(SolutionConfigurationPlatforms) = preSolution
		Debug|Any CPU = Debug|Any CPU
		Release|Any CPU = Release|Any CPU
	EndGlobalSection
	GlobalSection(ProjectConfigurationPlatforms) = postSolution
		{1F583D48-8771-45B4-9793-60A69DB06C61}.Debug|Any CPU.ActiveCfg = Debug|Any CPU
		{1F583D48-8771-45B4-9793-60A69DB06C61}.Debug|Any CPU.Build.0 = Debug|Any CPU
		{1F583D48-8771-45B4-9793-60A69DB06C61}.Release|Any CPU.ActiveCfg = Release|Any CPU
		{1F583D48-8771-45B4-9793-60A69DB06C61}.Release|Any CPU.Build.0 = Release|Any CPU
		{E0E2673B-41FD-4131-B7CE-50EF315DEA64}.Debug|Any CPU.ActiveCfg = Debug|Any CPU
		{E0E2673B-41FD-4131-B7CE-50EF315DEA64}.Debug|Any CPU.Build.0 = Debug|Any CPU
		{E0E2673B-41FD-4131-B7CE-50EF315DEA64}.Release|Any CPU.ActiveCfg = Release|Any CPU
		{E0E2673B-41FD-4131-B7CE-50EF315DEA64}.Release|Any CPU.Build.0 = Release|Any CPU
	EndGlobalSection
	GlobalSection(SolutionProperties) = preSolution
		HideSolutionNode = FALSE
	EndGlobalSection
	GlobalSection(ExtensibilityGlobals) = postSolution
		SolutionGuid = {2A362EEE-8FBE-4060-BFB6-3CB26EF9AC6D}
	EndGlobalSection
EndGlobal
